// !$*UTF8*$!
{
	archiveVersion = 1;
	classes = {
	};
	objectVersion = 46;
	objects = {

/* Begin PBXBuildFile section */
		07AC403C1ACC26290068B8DD /* AppDelegate.swift in Sources */ = {isa = PBXBuildFile; fileRef = 07AC403B1ACC26290068B8DD /* AppDelegate.swift */; };
		07AC403E1ACC26290068B8DD /* SkipController.swift in Sources */ = {isa = PBXBuildFile; fileRef = 07AC403D1ACC26290068B8DD /* SkipController.swift */; };
		07AC40401ACC26290068B8DD /* SessionsController.swift in Sources */ = {isa = PBXBuildFile; fileRef = 07AC403F1ACC26290068B8DD /* SessionsController.swift */; };
		07AC40431ACC26290068B8DD /* Main.storyboard in Resources */ = {isa = PBXBuildFile; fileRef = 07AC40411ACC26290068B8DD /* Main.storyboard */; };
		07AC40451ACC26290068B8DD /* Images.xcassets in Resources */ = {isa = PBXBuildFile; fileRef = 07AC40441ACC26290068B8DD /* Images.xcassets */; };
		07AC40481ACC26290068B8DD /* LaunchScreen.xib in Resources */ = {isa = PBXBuildFile; fileRef = 07AC40461ACC26290068B8DD /* LaunchScreen.xib */; };
		07AC40541ACC26290068B8DD /* yuSkipTests.swift in Sources */ = {isa = PBXBuildFile; fileRef = 07AC40531ACC26290068B8DD /* yuSkipTests.swift */; };
/* End PBXBuildFile section */

/* Begin PBXContainerItemProxy section */
		07AC404E1ACC26290068B8DD /* PBXContainerItemProxy */ = {
			isa = PBXContainerItemProxy;
			containerPortal = 07AC402E1ACC26290068B8DD /* Project object */;
			proxyType = 1;
			remoteGlobalIDString = 07AC40351ACC26290068B8DD;
			remoteInfo = yuSkip;
		};
/* End PBXContainerItemProxy section */

/* Begin PBXFileReference section */
		07AC40361ACC26290068B8DD /* yuSkip.app */ = {isa = PBXFileReference; explicitFileType = wrapper.application; includeInIndex = 0; path = yuSkip.app; sourceTree = BUILT_PRODUCTS_DIR; };
		07AC403A1ACC26290068B8DD /* Info.plist */ = {isa = PBXFileReference; lastKnownFileType = text.plist.xml; path = Info.plist; sourceTree = "<group>"; };
		07AC403B1ACC26290068B8DD /* AppDelegate.swift */ = {isa = PBXFileReference; lastKnownFileType = sourcecode.swift; path = AppDelegate.swift; sourceTree = "<group>"; };
		07AC403D1ACC26290068B8DD /* SkipController.swift */ = {isa = PBXFileReference; lastKnownFileType = sourcecode.swift; path = SkipController.swift; sourceTree = "<group>"; };
		07AC403F1ACC26290068B8DD /* SessionsController.swift */ = {isa = PBXFileReference; lastKnownFileType = sourcecode.swift; path = SessionsController.swift; sourceTree = "<group>"; };
		07AC40421ACC26290068B8DD /* Base */ = {isa = PBXFileReference; lastKnownFileType = file.storyboard; name = Base; path = Base.lproj/Main.storyboard; sourceTree = "<group>"; };
		07AC40441ACC26290068B8DD /* Images.xcassets */ = {isa = PBXFileReference; lastKnownFileType = folder.assetcatalog; path = Images.xcassets; sourceTree = "<group>"; };
		07AC40471ACC26290068B8DD /* Base */ = {isa = PBXFileReference; lastKnownFileType = file.xib; name = Base; path = Base.lproj/LaunchScreen.xib; sourceTree = "<group>"; };
		07AC404D1ACC26290068B8DD /* yuSkipTests.xctest */ = {isa = PBXFileReference; explicitFileType = wrapper.cfbundle; includeInIndex = 0; path = yuSkipTests.xctest; sourceTree = BUILT_PRODUCTS_DIR; };
		07AC40521ACC26290068B8DD /* Info.plist */ = {isa = PBXFileReference; lastKnownFileType = text.plist.xml; path = Info.plist; sourceTree = "<group>"; };
		07AC40531ACC26290068B8DD /* yuSkipTests.swift */ = {isa = PBXFileReference; lastKnownFileType = sourcecode.swift; path = yuSkipTests.swift; sourceTree = "<group>"; };
/* End PBXFileReference section */

/* Begin PBXFrameworksBuildPhase section */
		07AC40331ACC26290068B8DD /* Frameworks */ = {
			isa = PBXFrameworksBuildPhase;
			buildActionMask = 2147483647;
			files = (
			);
			runOnlyForDeploymentPostprocessing = 0;
		};
		07AC404A1ACC26290068B8DD /* Frameworks */ = {
			isa = PBXFrameworksBuildPhase;
			buildActionMask = 2147483647;
			files = (
			);
			runOnlyForDeploymentPostprocessing = 0;
		};
/* End PBXFrameworksBuildPhase section */

/* Begin PBXGroup section */
		07AC402D1ACC26290068B8DD = {
			isa = PBXGroup;
			children = (
				07AC40381ACC26290068B8DD /* yuSkip */,
				07AC40501ACC26290068B8DD /* yuSkipTests */,
				07AC40371ACC26290068B8DD /* Products */,
			);
			sourceTree = "<group>";
		};
		07AC40371ACC26290068B8DD /* Products */ = {
			isa = PBXGroup;
			children = (
				07AC40361ACC26290068B8DD /* yuSkip.app */,
				07AC404D1ACC26290068B8DD /* yuSkipTests.xctest */,
			);
			name = Products;
			sourceTree = "<group>";
		};
		07AC40381ACC26290068B8DD /* yuSkip */ = {
			isa = PBXGroup;
			children = (
				07AC403B1ACC26290068B8DD /* AppDelegate.swift */,
				07AC403D1ACC26290068B8DD /* SkipController.swift */,
				07AC403F1ACC26290068B8DD /* SessionsController.swift */,
				07AC40411ACC26290068B8DD /* Main.storyboard */,
				07AC40441ACC26290068B8DD /* Images.xcassets */,
				07AC40461ACC26290068B8DD /* LaunchScreen.xib */,
				07AC40391ACC26290068B8DD /* Supporting Files */,
			);
			path = yuSkip;
			sourceTree = "<group>";
		};
		07AC40391ACC26290068B8DD /* Supporting Files */ = {
			isa = PBXGroup;
			children = (
				07AC403A1ACC26290068B8DD /* Info.plist */,
			);
			name = "Supporting Files";
			sourceTree = "<group>";
		};
		07AC40501ACC26290068B8DD /* yuSkipTests */ = {
			isa = PBXGroup;
			children = (
				07AC40531ACC26290068B8DD /* yuSkipTests.swift */,
				07AC40511ACC26290068B8DD /* Supporting Files */,
			);
			path = yuSkipTests;
			sourceTree = "<group>";
		};
		07AC40511ACC26290068B8DD /* Supporting Files */ = {
			isa = PBXGroup;
			children = (
				07AC40521ACC26290068B8DD /* Info.plist */,
			);
			name = "Supporting Files";
			sourceTree = "<group>";
		};
/* End PBXGroup section */

/* Begin PBXNativeTarget section */
		07AC40351ACC26290068B8DD /* yuSkip */ = {
			isa = PBXNativeTarget;
			buildConfigurationList = 07AC40571ACC26290068B8DD /* Build configuration list for PBXNativeTarget "yuSkip" */;
			buildPhases = (
				07AC40321ACC26290068B8DD /* Sources */,
				07AC40331ACC26290068B8DD /* Frameworks */,
				07AC40341ACC26290068B8DD /* Resources */,
			);
			buildRules = (
			);
			dependencies = (
			);
			name = yuSkip;
			productName = yuSkip;
			productReference = 07AC40361ACC26290068B8DD /* yuSkip.app */;
			productType = "com.apple.product-type.application";
		};
		07AC404C1ACC26290068B8DD /* yuSkipTests */ = {
			isa = PBXNativeTarget;
			buildConfigurationList = 07AC405A1ACC26290068B8DD /* Build configuration list for PBXNativeTarget "yuSkipTests" */;
			buildPhases = (
				07AC40491ACC26290068B8DD /* Sources */,
				07AC404A1ACC26290068B8DD /* Frameworks */,
				07AC404B1ACC26290068B8DD /* Resources */,
			);
			buildRules = (
			);
			dependencies = (
				07AC404F1ACC26290068B8DD /* PBXTargetDependency */,
			);
			name = yuSkipTests;
			productName = yuSkipTests;
			productReference = 07AC404D1ACC26290068B8DD /* yuSkipTests.xctest */;
			productType = "com.apple.product-type.bundle.unit-test";
		};
/* End PBXNativeTarget section */

/* Begin PBXProject section */
		07AC402E1ACC26290068B8DD /* Project object */ = {
			isa = PBXProject;
			attributes = {
				LastUpgradeCheck = 0620;
				ORGANIZATIONNAME = yuown;
				TargetAttributes = {
					07AC40351ACC26290068B8DD = {
						CreatedOnToolsVersion = 6.2;
					};
					07AC404C1ACC26290068B8DD = {
						CreatedOnToolsVersion = 6.2;
						TestTargetID = 07AC40351ACC26290068B8DD;
					};
				};
			};
			buildConfigurationList = 07AC40311ACC26290068B8DD /* Build configuration list for PBXProject "yuSkip" */;
			compatibilityVersion = "Xcode 3.2";
			developmentRegion = English;
			hasScannedForEncodings = 0;
			knownRegions = (
				en,
				Base,
			);
			mainGroup = 07AC402D1ACC26290068B8DD;
			productRefGroup = 07AC40371ACC26290068B8DD /* Products */;
			projectDirPath = "";
			projectRoot = "";
			targets = (
				07AC40351ACC26290068B8DD /* yuSkip */,
				07AC404C1ACC26290068B8DD /* yuSkipTests */,
			);
		};
/* End PBXProject section */

/* Begin PBXResourcesBuildPhase section */
		07AC40341ACC26290068B8DD /* Resources */ = {
			isa = PBXResourcesBuildPhase;
			buildActionMask = 2147483647;
			files = (
				07AC40431ACC26290068B8DD /* Main.storyboard in Resources */,
				07AC40481ACC26290068B8DD /* LaunchScreen.xib in Resources */,
				07AC40451ACC26290068B8DD /* Images.xcassets in Resources */,
			);
			runOnlyForDeploymentPostprocessing = 0;
		};
		07AC404B1ACC26290068B8DD /* Resources */ = {
			isa = PBXResourcesBuildPhase;
			buildActionMask = 2147483647;
			files = (
			);
			runOnlyForDeploymentPostprocessing = 0;
		};
/* End PBXResourcesBuildPhase section */

/* Begin PBXSourcesBuildPhase section */
		07AC40321ACC26290068B8DD /* Sources */ = {
			isa = PBXSourcesBuildPhase;
			buildActionMask = 2147483647;
			files = (
				07AC40401ACC26290068B8DD /* SessionsController.swift in Sources */,
				07AC403C1ACC26290068B8DD /* AppDelegate.swift in Sources */,
				07AC403E1ACC26290068B8DD /* SkipController.swift in Sources */,
			);
			runOnlyForDeploymentPostprocessing = 0;
		};
		07AC40491ACC26290068B8DD /* Sources */ = {
			isa = PBXSourcesBuildPhase;
			buildActionMask = 2147483647;
			files = (
				07AC40541ACC26290068B8DD /* yuSkipTests.swift in Sources */,
			);
			runOnlyForDeploymentPostprocessing = 0;
		};
/* End PBXSourcesBuildPhase section */

/* Begin PBXTargetDependency section */
		07AC404F1ACC26290068B8DD /* PBXTargetDependency */ = {
			isa = PBXTargetDependency;
			target = 07AC40351ACC26290068B8DD /* yuSkip */;
			targetProxy = 07AC404E1ACC26290068B8DD /* PBXContainerItemProxy */;
		};
/* End PBXTargetDependency section */

/* Begin PBXVariantGroup section */
		07AC40411ACC26290068B8DD /* Main.storyboard */ = {
			isa = PBXVariantGroup;
			children = (
				07AC40421ACC26290068B8DD /* Base */,
			);
			name = Main.storyboard;
			sourceTree = "<group>";
		};
		07AC40461ACC26290068B8DD /* LaunchScreen.xib */ = {
			isa = PBXVariantGroup;
			children = (
				07AC40471ACC26290068B8DD /* Base */,
			);
			name = LaunchScreen.xib;
			sourceTree = "<group>";
		};
/* End PBXVariantGroup section */

/* Begin XCBuildConfiguration section */
		07AC40551ACC26290068B8DD /* Debug */ = {
			isa = XCBuildConfiguration;
			buildSettings = {
				ALWAYS_SEARCH_USER_PATHS = NO;
				CLANG_CXX_LANGUAGE_STANDARD = "gnu++0x";
				CLANG_CXX_LIBRARY = "libc++";
				CLANG_ENABLE_MODULES = YES;
				CLANG_ENABLE_OBJC_ARC = YES;
				CLANG_WARN_BOOL_CONVERSION = YES;
				CLANG_WARN_CONSTANT_CONVERSION = YES;
				CLANG_WARN_DIRECT_OBJC_ISA_USAGE = YES_ERROR;
				CLANG_WARN_EMPTY_BODY = YES;
				CLANG_WARN_ENUM_CONVERSION = YES;
				CLANG_WARN_INT_CONVERSION = YES;
				CLANG_WARN_OBJC_ROOT_CLASS = YES_ERROR;
				CLANG_WARN_UNREACHABLE_CODE = YES;
				CLANG_WARN__DUPLICATE_METHOD_MATCH = YES;
				"CODE_SIGN_IDENTITY[sdk=iphoneos*]" = "iPhone Developer";
				COPY_PHASE_STRIP = NO;
				ENABLE_STRICT_OBJC_MSGSEND = YES;
				GCC_C_LANGUAGE_STANDARD = gnu99;
				GCC_DYNAMIC_NO_PIC = NO;
				GCC_OPTIMIZATION_LEVEL = 0;
				GCC_PREPROCESSOR_DEFINITIONS = (
					"DEBUG=1",
					"$(inherited)",
				);
				GCC_SYMBOLS_PRIVATE_EXTERN = NO;
				GCC_WARN_64_TO_32_BIT_CONVERSION = YES;
				GCC_WARN_ABOUT_RETURN_TYPE = YES_ERROR;
				GCC_WARN_UNDECLARED_SELECTOR = YES;
				GCC_WARN_UNINITIALIZED_AUTOS = YES_AGGRESSIVE;
				GCC_WARN_UNUSED_FUNCTION = YES;
				GCC_WARN_UNUSED_VARIABLE = YES;
				IPHONEOS_DEPLOYMENT_TARGET = 8.2;
				MTL_ENABLE_DEBUG_INFO = YES;
				ONLY_ACTIVE_ARCH = YES;
				SDKROOT = iphoneos;
				SWIFT_OPTIMIZATION_LEVEL = "-Onone";
				TARGETED_DEVICE_FAMILY = "1,2";
			};
			name = Debug;
		};
		07AC40561ACC26290068B8DD /* Release */ = {
			isa = XCBuildConfiguration;
			buildSettings = {
				ALWAYS_SEARCH_USER_PATHS = NO;
				CLANG_CXX_LANGUAGE_STANDARD = "gnu++0x";
				CLANG_CXX_LIBRARY = "libc++";
				CLANG_ENABLE_MODULES = YES;
				CLANG_ENABLE_OBJC_ARC = YES;
				CLANG_WARN_BOOL_CONVERSION = YES;
				CLANG_WARN_CONSTANT_CONVERSION = YES;
				CLANG_WARN_DIRECT_OBJC_ISA_USAGE = YES_ERROR;
				CLANG_WARN_EMPTY_BODY = YES;
				CLANG_WARN_ENUM_CONVERSION = YES;
				CLANG_WARN_INT_CONVERSION = YES;
				CLANG_WARN_OBJC_ROOT_CLASS = YES_ERROR;
				CLANG_WARN_UNREACHABLE_CODE = YES;
				CLANG_WARN__DUPLICATE_METHOD_MATCH = YES;
				"CODE_SIGN_IDENTITY[sdk=iphoneos*]" = "iPhone Developer";
				COPY_PHASE_STRIP = NO;
				ENABLE_NS_ASSERTIONS = NO;
				ENABLE_STRICT_OBJC_MSGSEND = YES;
				GCC_C_LANGUAGE_STANDARD = gnu99;
				GCC_WARN_64_TO_32_BIT_CONVERSION = YES;
				GCC_WARN_ABOUT_RETURN_TYPE = YES_ERROR;
				GCC_WARN_UNDECLARED_SELECTOR = YES;
				GCC_WARN_UNINITIALIZED_AUTOS = YES_AGGRESSIVE;
				GCC_WARN_UNUSED_FUNCTION = YES;
				GCC_WARN_UNUSED_VARIABLE = YES;
				IPHONEOS_DEPLOYMENT_TARGET = 8.2;
				MTL_ENABLE_DEBUG_INFO = NO;
				SDKROOT = iphoneos;
				TARGETED_DEVICE_FAMILY = "1,2";
				VALIDATE_PRODUCT = YES;
			};
			name = Release;
		};
		07AC40581ACC26290068B8DD /* Debug */ = {
			isa = XCBuildConfiguration;
			buildSettings = {
				ASSETCATALOG_COMPILER_APPICON_NAME = AppIcon;
				INFOPLIST_FILE = yuSkip/Info.plist;
				IPHONEOS_DEPLOYMENT_TARGET = 8.1;
				LD_RUNPATH_SEARCH_PATHS = "$(inherited) @executable_path/Frameworks";
				PRODUCT_NAME = "$(TARGET_NAME)";
			};
			name = Debug;
		};
		07AC40591ACC26290068B8DD /* Release */ = {
			isa = XCBuildConfiguration;
			buildSettings = {
				ASSETCATALOG_COMPILER_APPICON_NAME = AppIcon;
				INFOPLIST_FILE = yuSkip/Info.plist;
				IPHONEOS_DEPLOYMENT_TARGET = 8.1;
				LD_RUNPATH_SEARCH_PATHS = "$(inherited) @executable_path/Frameworks";
				PRODUCT_NAME = "$(TARGET_NAME)";
			};
			name = Release;
		};
		07AC405B1ACC26290068B8DD /* Debug */ = {
			isa = XCBuildConfiguration;
			buildSettings = {
				BUNDLE_LOADER = "$(TEST_HOST)";
				FRAMEWORK_SEARCH_PATHS = (
					"$(SDKROOT)/Developer/Library/Frameworks",
					"$(inherited)",
				);
				GCC_PREPROCESSOR_DEFINITIONS = (
					"DEBUG=1",
					"$(inherited)",
				);
				INFOPLIST_FILE = yuSkipTests/Info.plist;
				LD_RUNPATH_SEARCH_PATHS = "$(inherited) @executable_path/Frameworks @loader_path/Frameworks";
				PRODUCT_NAME = "$(TARGET_NAME)";
				TEST_HOST = "$(BUILT_PRODUCTS_DIR)/yuSkip.app/yuSkip";
			};
			name = Debug;
		};
		07AC405C1ACC26290068B8DD /* Release */ = {
			isa = XCBuildConfiguration;
			buildSettings = {
				BUNDLE_LOADER = "$(TEST_HOST)";
				FRAMEWORK_SEARCH_PATHS = (
					"$(SDKROOT)/Developer/Library/Frameworks",
					"$(inherited)",
				);
				INFOPLIST_FILE = yuSkipTests/Info.plist;
				LD_RUNPATH_SEARCH_PATHS = "$(inherited) @executable_path/Frameworks @loader_path/Frameworks";
				PRODUCT_NAME = "$(TARGET_NAME)";
				TEST_HOST = "$(BUILT_PRODUCTS_DIR)/yuSkip.app/yuSkip";
			};
			name = Release;
		};
/* End XCBuildConfiguration section */

/* Begin XCConfigurationList section */
		07AC40311ACC26290068B8DD /* Build configuration list for PBXProject "yuSkip" */ = {
			isa = XCConfigurationList;
			buildConfigurations = (
				07AC40551ACC26290068B8DD /* Debug */,
				07AC40561ACC26290068B8DD /* Release */,
			);
			defaultConfigurationIsVisible = 0;
			defaultConfigurationName = Release;
		};
		07AC40571ACC26290068B8DD /* Build configuration list for PBXNativeTarget "yuSkip" */ = {
			isa = XCConfigurationList;
			buildConfigurations = (
				07AC40581ACC26290068B8DD /* Debug */,
				07AC40591ACC26290068B8DD /* Release */,
			);
			defaultConfigurationIsVisible = 0;
			defaultConfigurationName = Release;
		};
		07AC405A1ACC26290068B8DD /* Build configuration list for PBXNativeTarget "yuSkipTests" */ = {
			isa = XCConfigurationList;
			buildConfigurations = (
				07AC405B1ACC26290068B8DD /* Debug */,
				07AC405C1ACC26290068B8DD /* Release */,
			);
			defaultConfigurationIsVisible = 0;
			defaultConfigurationName = Release;
		};
/* End XCConfigurationList section */
	};
	rootObject = 07AC402E1ACC26290068B8DD /* Project object */;
}
